
Microsoft Visual Studio Solution File, Format Version 12.00
# Visual Studio Version 17
VisualStudioVersion = 17.10.35013.160
MinimumVisualStudioVersion = 10.0.40219.1
Project("{FAE04EC0-301F-11D3-BF4B-00C04F79EFBC}") = "taskmvc1", "taskmvc1\taskmvc1.csproj", "{D8ED088B-315E-4CD4-8ADE-B417607040ED}"
EndProject
Global
	GlobalSection(SolutionConfigurationPlatforms) = preSolution
		Debug|Any CPU = Debug|Any CPU
		Release|Any CPU = Release|Any CPU
	EndGlobalSection
	GlobalSection(ProjectConfigurationPlatforms) = postSolution
		{D8ED088B-315E-4CD4-8ADE-B417607040ED}.Debug|Any CPU.ActiveCfg = Debug|Any CPU
		{D8ED088B-315E-4CD4-8ADE-B417607040ED}.Debug|Any CPU.Build.0 = Debug|Any CPU
		{D8ED088B-315E-4CD4-8ADE-B417607040ED}.Release|Any CPU.ActiveCfg = Release|Any CPU
		{D8ED088B-315E-4CD4-8ADE-B417607040ED}.Release|Any CPU.Build.0 = Release|Any CPU
	EndGlobalSection
	GlobalSection(SolutionProperties) = preSolution
		HideSolutionNode = FALSE
	EndGlobalSection
	GlobalSection(ExtensibilityGlobals) = postSolution
		SolutionGuid = {58E01D9F-CCE6-4171-B41D-EC92E84B80C7}
	EndGlobalSection
EndGlobal
